{
  "name": "IESB_Construcao_Frontend",
  "lockfileVersion": 3,
  "requires": true,
  "packages": {
    "": {
      "dependencies": {
        "create-next-app": "^14.2.6"
      }
    },
    "node_modules/create-next-app": {
      "version": "14.2.6",
      "resolved": "https://registry.npmjs.org/create-next-app/-/create-next-app-14.2.6.tgz",
      "integrity": "sha512-XhDgTg8Xn6Tc4VOdbUdkoc1uxivJyCxG/2oUEB+nxy1YjA+NTUFZbPkxCBCm0DI7hnkrYfRunoyC4wc+JtGYjA==",
      "bin": {
        "create-next-app": "dist/index.js"
      },
      "engines": {
        "node": ">=18.17.0"
      }
    }
  }
}
